
Microsoft Visual Studio Solution File, Format Version 12.00
# Visual Studio Version 17
VisualStudioVersion = 17.14.37328.6 d17.14
MinimumVisualStudioVersion = 10.0.40219.1
Project("{F2A71F9B-5D33-465A-A702-920D77279786}") = "lab4_1", "lab4_1.fsproj", "{FC527D69-394B-FA40-6C51-4DE42B315E2D}"
EndProject
Global
	GlobalSection(SolutionConfigurationPlatforms) = preSolution
		Debug|Any CPU = Debug|Any CPU
		Release|Any CPU = Release|Any CPU
	EndGlobalSection
	GlobalSection(ProjectConfigurationPlatforms) = postSolution
		{FC527D69-394B-FA40-6C51-4DE42B315E2D}.Debug|Any CPU.ActiveCfg = Debug|Any CPU
		{FC527D69-394B-FA40-6C51-4DE42B315E2D}.Debug|Any CPU.Build.0 = Debug|Any CPU
		{FC527D69-394B-FA40-6C51-4DE42B315E2D}.Release|Any CPU.ActiveCfg = Release|Any CPU
		{FC527D69-394B-FA40-6C51-4DE42B315E2D}.Release|Any CPU.Build.0 = Release|Any CPU
	EndGlobalSection
	GlobalSection(SolutionProperties) = preSolution
		HideSolutionNode = FALSE
	EndGlobalSection
	GlobalSection(ExtensibilityGlobals) = postSolution
		SolutionGuid = {0F804652-E729-47F1-BC19-EC0DF57938C4}
	EndGlobalSection
EndGlobal
